
Microsoft Visual Studio Solution File, Format Version 12.00
# Visual Studio Version 17
VisualStudioVersion = 17.1.32421.90
MinimumVisualStudioVersion = 10.0.40219.1
Project("{FAE04EC0-301F-11D3-BF4B-00C04F79EFBC}") = "ScampusCloud", "ScampusCloud\ScampusCloud.csproj", "{7F7D47AB-C144-4F98-932A-C16EDDE7F68E}"
EndProject
Global
	GlobalSection(SolutionConfigurationPlatforms) = preSolution
		Debug|Any CPU = Debug|Any CPU
		Release|Any CPU = Release|Any CPU
	EndGlobalSection
	GlobalSection(ProjectConfigurationPlatforms) = postSolution
		{7F7D47AB-C144-4F98-932A-C16EDDE7F68E}.Debug|Any CPU.ActiveCfg = Debug|Any CPU
		{7F7D47AB-C144-4F98-932A-C16EDDE7F68E}.Debug|Any CPU.Build.0 = Debug|Any CPU
		{7F7D47AB-C144-4F98-932A-C16EDDE7F68E}.Release|Any CPU.ActiveCfg = Release|Any CPU
		{7F7D47AB-C144-4F98-932A-C16EDDE7F68E}.Release|Any CPU.Build.0 = Release|Any CPU
	EndGlobalSection
	GlobalSection(SolutionProperties) = preSolution
		HideSolutionNode = FALSE
	EndGlobalSection
	GlobalSection(ExtensibilityGlobals) = postSolution
		SolutionGuid = {10525DD4-7CA1-41AC-A4E3-830E5CDC4417}
	EndGlobalSection
EndGlobal
